{
  "name": "anvil-extras",
  "lockfileVersion": 2,
  "requires": true,
  "packages": {
    "": {
      "devDependencies": {
        "@types/bootstrap-select": "^1.13.1",
        "@types/jquery": "^3.5.5",
        "@types/nouislider": "^15.0.0",
        "@types/quill": "^2.0.8",
        "@types/wnumb": "^1.2.0",
        "nouislider": "^15.1.1"
      }
    },
    "node_modules/@types/bootstrap-select": {
      "version": "1.13.1",
      "resolved": "https://registry.npmjs.org/@types/bootstrap-select/-/bootstrap-select-1.13.1.tgz",
      "integrity": "sha512-S9iulvLeom+hlvvNzpoYntF0EyXhQZ3I2uzeQ8YD/Boys1mpdSNKh4A6AAjCVvc1ck1Oyya1iP/ck6pX+SKnfA==",
      "dev": true,
      "dependencies": {
        "@types/jquery": "*"
      }
    },
    "node_modules/@types/jquery": {
      "version": "3.5.5",
      "resolved": "https://registry.npmjs.org/@types/jquery/-/jquery-3.5.5.tgz",
      "integrity": "sha512-6RXU9Xzpc6vxNrS6FPPapN1SxSHgQ336WC6Jj/N8q30OiaBZ00l1GBgeP7usjVZPivSkGUfL1z/WW6TX989M+w==",
      "dev": true,
      "dependencies": {
        "@types/sizzle": "*"
      }
    },
    "node_modules/@types/nouislider": {
      "version": "15.0.0",
      "resolved": "https://registry.npmjs.org/@types/nouislider/-/nouislider-15.0.0.tgz",
      "integrity": "sha512-CgBRRaaoR09F+yIp3y222atrs8+e2fDv0sFJmhhgJP9fvKfoZsKHX10oBMe/Y3toZ4obIY+CMirfGeli+aoKwg==",
      "deprecated": "This is a stub types definition. nouislider provides its own type definitions, so you do not need this installed.",
      "dev": true,
      "dependencies": {
        "nouislider": "*"
      }
    },
    "node_modules/@types/quill": {
      "version": "2.0.8",
      "resolved": "https://registry.npmjs.org/@types/quill/-/quill-2.0.8.tgz",
      "integrity": "sha512-N1wph1bN/z+QZpt/fixD1ErQfnwaiekppszFuV9VK1dHRw/WlLAHEaODwprJ2uqyrjTYnsBm52mCQs0PSosuoQ==",
      "dev": true,
      "dependencies": {
        "parchment": "^1.1.2",
        "quill-delta": "^4.0.1"
      }
    },
    "node_modules/@types/sizzle": {
      "version": "2.3.3",
      "resolved": "https://registry.npmjs.org/@types/sizzle/-/sizzle-2.3.3.tgz",
      "integrity": "sha512-JYM8x9EGF163bEyhdJBpR2QX1R5naCJHC8ucJylJ3w9/CVBaskdQ8WqBf8MmQrd1kRvp/a4TS8HJ+bxzR7ZJYQ==",
      "dev": true
    },
    "node_modules/@types/wnumb": {
      "version": "1.2.0",
      "resolved": "https://registry.npmjs.org/@types/wnumb/-/wnumb-1.2.0.tgz",
      "integrity": "sha512-74+3MQqSTrDUtYisxrE8xbrTxmc3pi3G+yr1/TKNrMD7nfXIgUSgYeOu5R7g6Nsn/hl1GxKZ5VW2BuOQg9aLYg==",
      "dev": true
    },
    "node_modules/fast-diff": {
      "version": "1.2.0",
      "resolved": "https://registry.npmjs.org/fast-diff/-/fast-diff-1.2.0.tgz",
      "integrity": "sha512-xJuoT5+L99XlZ8twedaRf6Ax2TgQVxvgZOYoPKqZufmJib0tL2tegPBOZb1pVNgIhlqDlA0eO0c3wBvQcmzx4w==",
      "dev": true
    },
    "node_modules/lodash.clonedeep": {
      "version": "4.5.0",
      "resolved": "https://registry.npmjs.org/lodash.clonedeep/-/lodash.clonedeep-4.5.0.tgz",
      "integrity": "sha1-4j8/nE+Pvd6HJSnBBxhXoIblzO8=",
      "dev": true
    },
    "node_modules/lodash.isequal": {
      "version": "4.5.0",
      "resolved": "https://registry.npmjs.org/lodash.isequal/-/lodash.isequal-4.5.0.tgz",
      "integrity": "sha1-QVxEePK8wwEgwizhDtMib30+GOA=",
      "dev": true
    },
    "node_modules/nouislider": {
      "version": "15.1.1",
      "resolved": "https://registry.npmjs.org/nouislider/-/nouislider-15.1.1.tgz",
      "integrity": "sha512-xV9nabBSF59Q4vs5yNfnAey8AkEfq2bKM98e8wfg5jJM7IESGIViWHdjRoBsBGyljYenWt6fSJgczwt8ilKpew==",
      "dev": true
    },
    "node_modules/parchment": {
      "version": "1.1.4",
      "resolved": "https://registry.npmjs.org/parchment/-/parchment-1.1.4.tgz",
      "integrity": "sha512-J5FBQt/pM2inLzg4hEWmzQx/8h8D0CiDxaG3vyp9rKrQRSDgBlhjdP5jQGgosEajXPSQouXGHOmVdgo7QmJuOg==",
      "dev": true
    },
    "node_modules/quill-delta": {
      "version": "4.2.2",
      "resolved": "https://registry.npmjs.org/quill-delta/-/quill-delta-4.2.2.tgz",
      "integrity": "sha512-qjbn82b/yJzOjstBgkhtBjN2TNK+ZHP/BgUQO+j6bRhWQQdmj2lH6hXG7+nwwLF41Xgn//7/83lxs9n2BkTtTg==",
      "dev": true,
      "dependencies": {
        "fast-diff": "1.2.0",
        "lodash.clonedeep": "^4.5.0",
        "lodash.isequal": "^4.5.0"
      }
    }
  },
  "dependencies": {
    "@types/bootstrap-select": {
      "version": "1.13.1",
      "resolved": "https://registry.npmjs.org/@types/bootstrap-select/-/bootstrap-select-1.13.1.tgz",
      "integrity": "sha512-S9iulvLeom+hlvvNzpoYntF0EyXhQZ3I2uzeQ8YD/Boys1mpdSNKh4A6AAjCVvc1ck1Oyya1iP/ck6pX+SKnfA==",
      "dev": true,
      "requires": {
        "@types/jquery": "*"
      }
    },
    "@types/jquery": {
      "version": "3.5.5",
      "resolved": "https://registry.npmjs.org/@types/jquery/-/jquery-3.5.5.tgz",
      "integrity": "sha512-6RXU9Xzpc6vxNrS6FPPapN1SxSHgQ336WC6Jj/N8q30OiaBZ00l1GBgeP7usjVZPivSkGUfL1z/WW6TX989M+w==",
      "dev": true,
      "requires": {
        "@types/sizzle": "*"
      }
    },
    "@types/nouislider": {
      "version": "15.0.0",
      "resolved": "https://registry.npmjs.org/@types/nouislider/-/nouislider-15.0.0.tgz",
      "integrity": "sha512-CgBRRaaoR09F+yIp3y222atrs8+e2fDv0sFJmhhgJP9fvKfoZsKHX10oBMe/Y3toZ4obIY+CMirfGeli+aoKwg==",
      "dev": true,
      "requires": {
        "nouislider": "*"
      }
    },
    "@types/quill": {
      "version": "2.0.8",
      "resolved": "https://registry.npmjs.org/@types/quill/-/quill-2.0.8.tgz",
      "integrity": "sha512-N1wph1bN/z+QZpt/fixD1ErQfnwaiekppszFuV9VK1dHRw/WlLAHEaODwprJ2uqyrjTYnsBm52mCQs0PSosuoQ==",
      "dev": true,
      "requires": {
        "parchment": "^1.1.2",
        "quill-delta": "^4.0.1"
      }
    },
    "@types/sizzle": {
      "version": "2.3.3",
      "resolved": "https://registry.npmjs.org/@types/sizzle/-/sizzle-2.3.3.tgz",
      "integrity": "sha512-JYM8x9EGF163bEyhdJBpR2QX1R5naCJHC8ucJylJ3w9/CVBaskdQ8WqBf8MmQrd1kRvp/a4TS8HJ+bxzR7ZJYQ==",
      "dev": true
    },
    "@types/wnumb": {
      "version": "1.2.0",
      "resolved": "https://registry.npmjs.org/@types/wnumb/-/wnumb-1.2.0.tgz",
      "integrity": "sha512-74+3MQqSTrDUtYisxrE8xbrTxmc3pi3G+yr1/TKNrMD7nfXIgUSgYeOu5R7g6Nsn/hl1GxKZ5VW2BuOQg9aLYg==",
      "dev": true
    },
    "fast-diff": {
      "version": "1.2.0",
      "resolved": "https://registry.npmjs.org/fast-diff/-/fast-diff-1.2.0.tgz",
      "integrity": "sha512-xJuoT5+L99XlZ8twedaRf6Ax2TgQVxvgZOYoPKqZufmJib0tL2tegPBOZb1pVNgIhlqDlA0eO0c3wBvQcmzx4w==",
      "dev": true
    },
    "lodash.clonedeep": {
      "version": "4.5.0",
      "resolved": "https://registry.npmjs.org/lodash.clonedeep/-/lodash.clonedeep-4.5.0.tgz",
      "integrity": "sha1-4j8/nE+Pvd6HJSnBBxhXoIblzO8=",
      "dev": true
    },
    "lodash.isequal": {
      "version": "4.5.0",
      "resolved": "https://registry.npmjs.org/lodash.isequal/-/lodash.isequal-4.5.0.tgz",
      "integrity": "sha1-QVxEePK8wwEgwizhDtMib30+GOA=",
      "dev": true
    },
    "nouislider": {
      "version": "15.1.1",
      "resolved": "https://registry.npmjs.org/nouislider/-/nouislider-15.1.1.tgz",
      "integrity": "sha512-xV9nabBSF59Q4vs5yNfnAey8AkEfq2bKM98e8wfg5jJM7IESGIViWHdjRoBsBGyljYenWt6fSJgczwt8ilKpew==",
      "dev": true
    },
    "parchment": {
      "version": "1.1.4",
      "resolved": "https://registry.npmjs.org/parchment/-/parchment-1.1.4.tgz",
      "integrity": "sha512-J5FBQt/pM2inLzg4hEWmzQx/8h8D0CiDxaG3vyp9rKrQRSDgBlhjdP5jQGgosEajXPSQouXGHOmVdgo7QmJuOg==",
      "dev": true
    },
    "quill-delta": {
      "version": "4.2.2",
      "resolved": "https://registry.npmjs.org/quill-delta/-/quill-delta-4.2.2.tgz",
      "integrity": "sha512-qjbn82b/yJzOjstBgkhtBjN2TNK+ZHP/BgUQO+j6bRhWQQdmj2lH6hXG7+nwwLF41Xgn//7/83lxs9n2BkTtTg==",
      "dev": true,
      "requires": {
        "fast-diff": "1.2.0",
        "lodash.clonedeep": "^4.5.0",
        "lodash.isequal": "^4.5.0"
      }
    }
  }
}
